
Microsoft Visual Studio Solution File, Format Version 12.00
# Visual Studio Version 16
VisualStudioVersion = 16.0.30204.135
MinimumVisualStudioVersion = 10.0.40219.1
Project("{2150E333-8FDC-42A3-9474-1A3956D46DE8}") = "Src", "Src", "{92158F12-82A3-4A1E-BD69-F3DA2CD087A1}"
EndProject
Project("{2150E333-8FDC-42A3-9474-1A3956D46DE8}") = "Services", "Services", "{9C4E76E2-8246-4AC7-ABD9-10C510BAC423}"
EndProject
Project("{2150E333-8FDC-42A3-9474-1A3956D46DE8}") = "Clients", "Clients", "{C16426A3-8C66-4200-B48A-93BE3D8171EC}"
EndProject
Project("{2150E333-8FDC-42A3-9474-1A3956D46DE8}") = "Product", "Product", "{4E1AE264-92CC-4BD9-965B-44F194C6E09D}"
EndProject
Project("{9A19103F-16F7-4668-BE54-9A1E7A4F7556}") = "Product.gRPC.API", "Src\Services\Product\Product.gRPC.API\Product.gRPC.API.csproj", "{FE296A2B-2435-4387-9DE5-32C9BB84C70D}"
EndProject
Project("{2150E333-8FDC-42A3-9474-1A3956D46DE8}") = "Contracts", "Contracts", "{1E257734-402F-4958-ADB6-8CE18EFA2AC5}"
EndProject
Project("{9A19103F-16F7-4668-BE54-9A1E7A4F7556}") = "Contracts.Lib", "Src\Contracts\Contracts.Lib\Contracts.Lib.csproj", "{DA0059EF-A520-47EA-A899-5F5D33FB3AEC}"
EndProject
Project("{9A19103F-16F7-4668-BE54-9A1E7A4F7556}") = "ProductSvc.Consumable.Client", "Src\Clients\ProductSvc.Consumable.Client\ProductSvc.Consumable.Client.csproj", "{B60ECF80-06B1-4FF5-B34A-58D0A0796701}"
EndProject
Project("{2150E333-8FDC-42A3-9474-1A3956D46DE8}") = "Tests", "Tests", "{6B762D4C-F50B-4946-A2E1-6936127590D4}"
EndProject
Project("{2150E333-8FDC-42A3-9474-1A3956D46DE8}") = "Services", "Services", "{FEA52724-6028-476A-9F82-A391F3F8205F}"
EndProject
Project("{2150E333-8FDC-42A3-9474-1A3956D46DE8}") = "Clients", "Clients", "{BC555064-539C-4B6A-8BF6-F906308CDAB7}"
EndProject
Project("{FAE04EC0-301F-11D3-BF4B-00C04F79EFBC}") = "Product.gRPC.API.Functional.Tests", "Src\Tests\Services\Product.gRPC.API.Functional.Tests\Product.gRPC.API.Functional.Tests.csproj", "{FD3E594C-FAEF-41C6-AF39-C998C60D1FBF}"
EndProject
Global
	GlobalSection(SolutionConfigurationPlatforms) = preSolution
		Debug|Any CPU = Debug|Any CPU
		Release|Any CPU = Release|Any CPU
	EndGlobalSection
	GlobalSection(ProjectConfigurationPlatforms) = postSolution
		{FE296A2B-2435-4387-9DE5-32C9BB84C70D}.Debug|Any CPU.ActiveCfg = Debug|Any CPU
		{FE296A2B-2435-4387-9DE5-32C9BB84C70D}.Debug|Any CPU.Build.0 = Debug|Any CPU
		{FE296A2B-2435-4387-9DE5-32C9BB84C70D}.Release|Any CPU.ActiveCfg = Release|Any CPU
		{FE296A2B-2435-4387-9DE5-32C9BB84C70D}.Release|Any CPU.Build.0 = Release|Any CPU
		{DA0059EF-A520-47EA-A899-5F5D33FB3AEC}.Debug|Any CPU.ActiveCfg = Debug|Any CPU
		{DA0059EF-A520-47EA-A899-5F5D33FB3AEC}.Debug|Any CPU.Build.0 = Debug|Any CPU
		{DA0059EF-A520-47EA-A899-5F5D33FB3AEC}.Release|Any CPU.ActiveCfg = Release|Any CPU
		{DA0059EF-A520-47EA-A899-5F5D33FB3AEC}.Release|Any CPU.Build.0 = Release|Any CPU
		{B60ECF80-06B1-4FF5-B34A-58D0A0796701}.Debug|Any CPU.ActiveCfg = Debug|Any CPU
		{B60ECF80-06B1-4FF5-B34A-58D0A0796701}.Debug|Any CPU.Build.0 = Debug|Any CPU
		{B60ECF80-06B1-4FF5-B34A-58D0A0796701}.Release|Any CPU.ActiveCfg = Release|Any CPU
		{B60ECF80-06B1-4FF5-B34A-58D0A0796701}.Release|Any CPU.Build.0 = Release|Any CPU
		{FD3E594C-FAEF-41C6-AF39-C998C60D1FBF}.Debug|Any CPU.ActiveCfg = Debug|Any CPU
		{FD3E594C-FAEF-41C6-AF39-C998C60D1FBF}.Debug|Any CPU.Build.0 = Debug|Any CPU
		{FD3E594C-FAEF-41C6-AF39-C998C60D1FBF}.Release|Any CPU.ActiveCfg = Release|Any CPU
		{FD3E594C-FAEF-41C6-AF39-C998C60D1FBF}.Release|Any CPU.Build.0 = Release|Any CPU
	EndGlobalSection
	GlobalSection(SolutionProperties) = preSolution
		HideSolutionNode = FALSE
	EndGlobalSection
	GlobalSection(NestedProjects) = preSolution
		{9C4E76E2-8246-4AC7-ABD9-10C510BAC423} = {92158F12-82A3-4A1E-BD69-F3DA2CD087A1}
		{C16426A3-8C66-4200-B48A-93BE3D8171EC} = {92158F12-82A3-4A1E-BD69-F3DA2CD087A1}
		{4E1AE264-92CC-4BD9-965B-44F194C6E09D} = {9C4E76E2-8246-4AC7-ABD9-10C510BAC423}
		{FE296A2B-2435-4387-9DE5-32C9BB84C70D} = {4E1AE264-92CC-4BD9-965B-44F194C6E09D}
		{1E257734-402F-4958-ADB6-8CE18EFA2AC5} = {92158F12-82A3-4A1E-BD69-F3DA2CD087A1}
		{DA0059EF-A520-47EA-A899-5F5D33FB3AEC} = {1E257734-402F-4958-ADB6-8CE18EFA2AC5}
		{B60ECF80-06B1-4FF5-B34A-58D0A0796701} = {C16426A3-8C66-4200-B48A-93BE3D8171EC}
		{6B762D4C-F50B-4946-A2E1-6936127590D4} = {92158F12-82A3-4A1E-BD69-F3DA2CD087A1}
		{FEA52724-6028-476A-9F82-A391F3F8205F} = {6B762D4C-F50B-4946-A2E1-6936127590D4}
		{BC555064-539C-4B6A-8BF6-F906308CDAB7} = {6B762D4C-F50B-4946-A2E1-6936127590D4}
		{FD3E594C-FAEF-41C6-AF39-C998C60D1FBF} = {FEA52724-6028-476A-9F82-A391F3F8205F}
	EndGlobalSection
	GlobalSection(ExtensibilityGlobals) = postSolution
		SolutionGuid = {DFA821B0-37D7-4B59-8ECA-2E20D28B89C4}
	EndGlobalSection
EndGlobal
